Microsoft Visual Studio Solution File, Format Version 12.00
# Visual Studio Version 17
VisualStudioVersion = 17.12.35527.113 d17.12
MinimumVisualStudioVersion = 10.0.40219.1
Project("{FAE04EC0-301F-11D3-BF4B-00C04F79EFBC}") = "Gateway.AppHost", "Gateway.AppHost\Gateway.AppHost.csproj", "{BB0C64CD-C9CA-463D-A640-FFB249360BB4}"
EndProject
Project("{FAE04EC0-301F-11D3-BF4B-00C04F79EFBC}") = "Gateway.ServiceDefaults", "Gateway.ServiceDefaults\Gateway.ServiceDefaults.csproj", "{03DA543C-E377-4825-BE94-FF8F05F6320C}"
EndProject
Global
	GlobalSection(SolutionConfigurationPlatforms) = preSolution
		Debug|Any CPU = Debug|Any CPU
		Release|Any CPU = Release|Any CPU
	EndGlobalSection
	GlobalSection(ProjectConfigurationPlatforms) = postSolution
		{BB0C64CD-C9CA-463D-A640-FFB249360BB4}.Debug|Any CPU.ActiveCfg = Debug|Any CPU
		{BB0C64CD-C9CA-463D-A640-FFB249360BB4}.Debug|Any CPU.Build.0 = Debug|Any CPU
		{BB0C64CD-C9CA-463D-A640-FFB249360BB4}.Release|Any CPU.ActiveCfg = Release|Any CPU
		{BB0C64CD-C9CA-463D-A640-FFB249360BB4}.Release|Any CPU.Build.0 = Release|Any CPU
		{03DA543C-E377-4825-BE94-FF8F05F6320C}.Debug|Any CPU.ActiveCfg = Debug|Any CPU
		{03DA543C-E377-4825-BE94-FF8F05F6320C}.Debug|Any CPU.Build.0 = Debug|Any CPU
		{03DA543C-E377-4825-BE94-FF8F05F6320C}.Release|Any CPU.ActiveCfg = Release|Any CPU
		{03DA543C-E377-4825-BE94-FF8F05F6320C}.Release|Any CPU.Build.0 = Release|Any CPU
	EndGlobalSection
	GlobalSection(SolutionProperties) = preSolution
		HideSolutionNode = FALSE
	EndGlobalSection
EndGlobal
