
Microsoft Visual Studio Solution File, Format Version 12.00
# Visual Studio Version 17
VisualStudioVersion = 17.9.34728.123
MinimumVisualStudioVersion = 10.0.40219.1
Project("{FAE04EC0-301F-11D3-BF4B-00C04F79EFBC}") = "KustoSample", "KustoSample\KustoSample.csproj", "{C7DF12A5-07F1-4159-89F7-1A464F971363}"
EndProject
Global
	GlobalSection(SolutionConfigurationPlatforms) = preSolution
		Debug|Any CPU = Debug|Any CPU
		Release|Any CPU = Release|Any CPU
	EndGlobalSection
	GlobalSection(ProjectConfigurationPlatforms) = postSolution
		{C7DF12A5-07F1-4159-89F7-1A464F971363}.Debug|Any CPU.ActiveCfg = Debug|Any CPU
		{C7DF12A5-07F1-4159-89F7-1A464F971363}.Debug|Any CPU.Build.0 = Debug|Any CPU
		{C7DF12A5-07F1-4159-89F7-1A464F971363}.Release|Any CPU.ActiveCfg = Release|Any CPU
		{C7DF12A5-07F1-4159-89F7-1A464F971363}.Release|Any CPU.Build.0 = Release|Any CPU
	EndGlobalSection
	GlobalSection(SolutionProperties) = preSolution
		HideSolutionNode = FALSE
	EndGlobalSection
	GlobalSection(ExtensibilityGlobals) = postSolution
		SolutionGuid = {9142CCFF-76E2-44E2-A1CE-8DED43BB411A}
	EndGlobalSection
EndGlobal
