
Microsoft Visual Studio Solution File, Format Version 12.00
# Visual Studio Version 17
VisualStudioVersion = 17.9.34728.123
MinimumVisualStudioVersion = 10.0.40219.1
Project("{FAE04EC0-301F-11D3-BF4B-00C04F79EFBC}") = "StorageAccountSample", "StorageAccountSample\StorageAccountSample.csproj", "{E74282C4-828B-4AFF-A190-3A71D41D502E}"
EndProject
Global
	GlobalSection(SolutionConfigurationPlatforms) = preSolution
		Debug|Any CPU = Debug|Any CPU
		Release|Any CPU = Release|Any CPU
	EndGlobalSection
	GlobalSection(ProjectConfigurationPlatforms) = postSolution
		{E74282C4-828B-4AFF-A190-3A71D41D502E}.Debug|Any CPU.ActiveCfg = Debug|Any CPU
		{E74282C4-828B-4AFF-A190-3A71D41D502E}.Debug|Any CPU.Build.0 = Debug|Any CPU
		{E74282C4-828B-4AFF-A190-3A71D41D502E}.Release|Any CPU.ActiveCfg = Release|Any CPU
		{E74282C4-828B-4AFF-A190-3A71D41D502E}.Release|Any CPU.Build.0 = Release|Any CPU
	EndGlobalSection
	GlobalSection(SolutionProperties) = preSolution
		HideSolutionNode = FALSE
	EndGlobalSection
	GlobalSection(ExtensibilityGlobals) = postSolution
		SolutionGuid = {1025C89B-1798-44C1-A007-1229E61107D7}
	EndGlobalSection
EndGlobal
