
Microsoft Visual Studio Solution File, Format Version 12.00
# Visual Studio Version 17
VisualStudioVersion = 17.11.35431.28
MinimumVisualStudioVersion = 10.0.40219.1
Project("{FAE04EC0-301F-11D3-BF4B-00C04F79EFBC}") = "EventGridSample", "EventGridSample.csproj", "{BB054E45-C3A5-4238-988C-0321719E7187}"
EndProject
Global
	GlobalSection(SolutionConfigurationPlatforms) = preSolution
		Debug|Any CPU = Debug|Any CPU
		Release|Any CPU = Release|Any CPU
	EndGlobalSection
	GlobalSection(ProjectConfigurationPlatforms) = postSolution
		{BB054E45-C3A5-4238-988C-0321719E7187}.Debug|Any CPU.ActiveCfg = Debug|Any CPU
		{BB054E45-C3A5-4238-988C-0321719E7187}.Debug|Any CPU.Build.0 = Debug|Any CPU
		{BB054E45-C3A5-4238-988C-0321719E7187}.Release|Any CPU.ActiveCfg = Release|Any CPU
		{BB054E45-C3A5-4238-988C-0321719E7187}.Release|Any CPU.Build.0 = Release|Any CPU
	EndGlobalSection
	GlobalSection(SolutionProperties) = preSolution
		HideSolutionNode = FALSE
	EndGlobalSection
	GlobalSection(ExtensibilityGlobals) = postSolution
		SolutionGuid = {BC2DED8B-F084-4FBA-A016-EC1140350D67}
	EndGlobalSection
EndGlobal
